
Microsoft Visual Studio Solution File, Format Version 12.00
# Visual Studio Version 17
VisualStudioVersion = 17.0.32126.317
MinimumVisualStudioVersion = 10.0.40219.1
Project("{FAE04EC0-301F-11D3-BF4B-00C04F79EFBC}") = "HyperShop", "HyperShop.csproj", "{8CE80089-9638-41CE-9DD2-7B72CC5F3E98}"
EndProject
Global
	GlobalSection(SolutionConfigurationPlatforms) = preSolution
		Debug|Any CPU = Debug|Any CPU
		Release|Any CPU = Release|Any CPU
	EndGlobalSection
	GlobalSection(ProjectConfigurationPlatforms) = postSolution
		{8CE80089-9638-41CE-9DD2-7B72CC5F3E98}.Debug|Any CPU.ActiveCfg = Debug|Any CPU
		{8CE80089-9638-41CE-9DD2-7B72CC5F3E98}.Debug|Any CPU.Build.0 = Debug|Any CPU
		{8CE80089-9638-41CE-9DD2-7B72CC5F3E98}.Release|Any CPU.ActiveCfg = Release|Any CPU
		{8CE80089-9638-41CE-9DD2-7B72CC5F3E98}.Release|Any CPU.Build.0 = Release|Any CPU
	EndGlobalSection
	GlobalSection(SolutionProperties) = preSolution
		HideSolutionNode = FALSE
	EndGlobalSection
	GlobalSection(ExtensibilityGlobals) = postSolution
		SolutionGuid = {3A7C88A4-53E6-4650-8D43-69530F642713}
	EndGlobalSection
EndGlobal
